
Microsoft Visual Studio Solution File, Format Version 12.00
# Visual Studio Version 17
VisualStudioVersion = 17.8.34330.188
MinimumVisualStudioVersion = 10.0.40219.1
Project("{2150E333-8FDC-42A3-9474-1A3956D46DE8}") = "library", "library", "{542F968D-365B-4EE5-942A-34084516813D}"
EndProject
Project("{2150E333-8FDC-42A3-9474-1A3956D46DE8}") = ".file", ".file", "{8ACAA298-CFB8-4C6F-B14F-4B20D233B94A}"
	ProjectSection(SolutionItems) = preProject
		LICENSE.txt = LICENSE.txt
		README.md = README.md
		Symbol.snk = Symbol.snk
	EndProjectSection
EndProject
Project("{2150E333-8FDC-42A3-9474-1A3956D46DE8}") = "examples", "examples", "{A50E1220-69A1-44FF-9CD3-41701686EE7F}"
EndProject
Project("{9A19103F-16F7-4668-BE54-9A1E7A4F7556}") = "Symbol.Data", "src\Symbol.Data\Symbol.Data.csproj", "{D41198F1-C1EB-4FD6-9F93-97E23EF8D335}"
EndProject
Project("{2150E333-8FDC-42A3-9474-1A3956D46DE8}") = ".wiki", ".wiki", "{5013F7B6-C264-40F8-8180-36CD83FFB4DC}"
	ProjectSection(SolutionItems) = preProject
		wiki\Home.md = wiki\Home.md
		wiki\Version history.md = wiki\Version history.md
	EndProjectSection
EndProject
Project("{2150E333-8FDC-42A3-9474-1A3956D46DE8}") = ".tools", ".tools", "{0579BA7F-3F32-498B-8101-816D14A2B7B8}"
EndProject
Project("{9A19103F-16F7-4668-BE54-9A1E7A4F7556}") = "Symbol.Data.MySql", "src\Symbol.Data.MySql\Symbol.Data.MySql.csproj", "{A59C4B67-F270-4E37-BB71-2214CD022BF5}"
EndProject
Project("{9A19103F-16F7-4668-BE54-9A1E7A4F7556}") = "Symbol.Data.SqlServer", "src\Symbol.Data.SqlServer\Symbol.Data.SqlServer.csproj", "{37F0D79D-9095-4666-B6B2-BCA395C112F7}"
EndProject
Project("{FAE04EC0-301F-11D3-BF4B-00C04F79EFBC}") = "Examples.Data.net452", "examples\Examples.Data.net452\Examples.Data.net452.csproj", "{D0108DC5-8CF7-4748-BECD-2754ADAC9904}"
EndProject
Project("{9A19103F-16F7-4668-BE54-9A1E7A4F7556}") = "Symbol.Data.PostgreSQL", "src\Symbol.Data.PostgreSQL\Symbol.Data.PostgreSQL.csproj", "{B1E524B2-EC8D-4148-BB26-2EECEB59CC79}"
EndProject
Project("{9A19103F-16F7-4668-BE54-9A1E7A4F7556}") = "Symbol.Data.SQLite", "src\Symbol.Data.SQLite\Symbol.Data.SQLite.csproj", "{DF54EC7C-E501-4E28-AF2F-CFB78D1103F4}"
EndProject
Project("{9A19103F-16F7-4668-BE54-9A1E7A4F7556}") = "Examples.Data.netcore", "examples\Examples.Data.netcore\Examples.Data.netcore.csproj", "{3745FA7A-7A41-4A87-A07E-85F2FE7BFB5B}"
EndProject
Global
	GlobalSection(SolutionConfigurationPlatforms) = preSolution
		Debug|Any CPU = Debug|Any CPU
		Release|Any CPU = Release|Any CPU
	EndGlobalSection
	GlobalSection(ProjectConfigurationPlatforms) = postSolution
		{D41198F1-C1EB-4FD6-9F93-97E23EF8D335}.Debug|Any CPU.ActiveCfg = Debug|Any CPU
		{D41198F1-C1EB-4FD6-9F93-97E23EF8D335}.Debug|Any CPU.Build.0 = Debug|Any CPU
		{D41198F1-C1EB-4FD6-9F93-97E23EF8D335}.Release|Any CPU.ActiveCfg = Release|Any CPU
		{D41198F1-C1EB-4FD6-9F93-97E23EF8D335}.Release|Any CPU.Build.0 = Release|Any CPU
		{A59C4B67-F270-4E37-BB71-2214CD022BF5}.Debug|Any CPU.ActiveCfg = Debug|Any CPU
		{A59C4B67-F270-4E37-BB71-2214CD022BF5}.Debug|Any CPU.Build.0 = Debug|Any CPU
		{A59C4B67-F270-4E37-BB71-2214CD022BF5}.Release|Any CPU.ActiveCfg = Release|Any CPU
		{A59C4B67-F270-4E37-BB71-2214CD022BF5}.Release|Any CPU.Build.0 = Release|Any CPU
		{37F0D79D-9095-4666-B6B2-BCA395C112F7}.Debug|Any CPU.ActiveCfg = Debug|Any CPU
		{37F0D79D-9095-4666-B6B2-BCA395C112F7}.Debug|Any CPU.Build.0 = Debug|Any CPU
		{37F0D79D-9095-4666-B6B2-BCA395C112F7}.Release|Any CPU.ActiveCfg = Release|Any CPU
		{37F0D79D-9095-4666-B6B2-BCA395C112F7}.Release|Any CPU.Build.0 = Release|Any CPU
		{D0108DC5-8CF7-4748-BECD-2754ADAC9904}.Debug|Any CPU.ActiveCfg = Debug|Any CPU
		{D0108DC5-8CF7-4748-BECD-2754ADAC9904}.Debug|Any CPU.Build.0 = Debug|Any CPU
		{D0108DC5-8CF7-4748-BECD-2754ADAC9904}.Release|Any CPU.ActiveCfg = Release|Any CPU
		{D0108DC5-8CF7-4748-BECD-2754ADAC9904}.Release|Any CPU.Build.0 = Release|Any CPU
		{B1E524B2-EC8D-4148-BB26-2EECEB59CC79}.Debug|Any CPU.ActiveCfg = Debug|Any CPU
		{B1E524B2-EC8D-4148-BB26-2EECEB59CC79}.Debug|Any CPU.Build.0 = Debug|Any CPU
		{B1E524B2-EC8D-4148-BB26-2EECEB59CC79}.Release|Any CPU.ActiveCfg = Release|Any CPU
		{B1E524B2-EC8D-4148-BB26-2EECEB59CC79}.Release|Any CPU.Build.0 = Release|Any CPU
		{DF54EC7C-E501-4E28-AF2F-CFB78D1103F4}.Debug|Any CPU.ActiveCfg = Debug|Any CPU
		{DF54EC7C-E501-4E28-AF2F-CFB78D1103F4}.Debug|Any CPU.Build.0 = Debug|Any CPU
		{DF54EC7C-E501-4E28-AF2F-CFB78D1103F4}.Release|Any CPU.ActiveCfg = Release|Any CPU
		{DF54EC7C-E501-4E28-AF2F-CFB78D1103F4}.Release|Any CPU.Build.0 = Release|Any CPU
		{3745FA7A-7A41-4A87-A07E-85F2FE7BFB5B}.Debug|Any CPU.ActiveCfg = Debug|Any CPU
		{3745FA7A-7A41-4A87-A07E-85F2FE7BFB5B}.Debug|Any CPU.Build.0 = Debug|Any CPU
		{3745FA7A-7A41-4A87-A07E-85F2FE7BFB5B}.Release|Any CPU.ActiveCfg = Release|Any CPU
		{3745FA7A-7A41-4A87-A07E-85F2FE7BFB5B}.Release|Any CPU.Build.0 = Release|Any CPU
	EndGlobalSection
	GlobalSection(SolutionProperties) = preSolution
		HideSolutionNode = FALSE
	EndGlobalSection
	GlobalSection(NestedProjects) = preSolution
		{D41198F1-C1EB-4FD6-9F93-97E23EF8D335} = {542F968D-365B-4EE5-942A-34084516813D}
		{A59C4B67-F270-4E37-BB71-2214CD022BF5} = {542F968D-365B-4EE5-942A-34084516813D}
		{37F0D79D-9095-4666-B6B2-BCA395C112F7} = {542F968D-365B-4EE5-942A-34084516813D}
		{D0108DC5-8CF7-4748-BECD-2754ADAC9904} = {A50E1220-69A1-44FF-9CD3-41701686EE7F}
		{B1E524B2-EC8D-4148-BB26-2EECEB59CC79} = {542F968D-365B-4EE5-942A-34084516813D}
		{DF54EC7C-E501-4E28-AF2F-CFB78D1103F4} = {542F968D-365B-4EE5-942A-34084516813D}
		{3745FA7A-7A41-4A87-A07E-85F2FE7BFB5B} = {A50E1220-69A1-44FF-9CD3-41701686EE7F}
	EndGlobalSection
	GlobalSection(ExtensibilityGlobals) = postSolution
		SolutionGuid = {068486BB-8127-4F5C-82A1-C1CEA8BC1B63}
	EndGlobalSection
EndGlobal
